{
  "name": "reginn.alt",
  "version": "1.0.0",
  "lockfileVersion": 1,
  "requires": true,
  "dependencies": {
    "@paqmind/ramda": {
      "version": "0.1.4",
      "resolved": "https://registry.npmjs.org/@paqmind/ramda/-/ramda-0.1.4.tgz",
      "integrity": "sha512-p3yJ5o8Eyi44oJoq4budAt7LsOGv/acyycFl5j/fgf7y47NygYOs/YbeiY18qtlCU7lny5V2mWgth1lgwfGvKg==",
      "requires": {
        "ramda": "0.25.0"
      }
    },
    "cli-colors": {
      "version": "0.0.2",
      "resolved": "https://registry.npmjs.org/cli-colors/-/cli-colors-0.0.2.tgz",
      "integrity": "sha1-D6aFgUbh/y2B5E346G5aNhHtTFI=",
      "requires": {
        "escape-string-regexp": "1.0.5"
      }
    },
    "escape-string-regexp": {
      "version": "1.0.5",
      "resolved": "https://registry.npmjs.org/escape-string-regexp/-/escape-string-regexp-1.0.5.tgz",
      "integrity": "sha1-G2HAViGQqN/2rjuyzwIAyhMLhtQ="
    },
    "parsimmon": {
      "version": "1.7.1",
      "resolved": "https://registry.npmjs.org/parsimmon/-/parsimmon-1.7.1.tgz",
      "integrity": "sha512-0amvvPUst/XG6qJWmLc2yDBdEcXRbvG9ENcYefC2KdYNZQVf7MJlpVgeJAapyiJGk6TdNSwA/mncM9rYMMQ9DA=="
    },
    "ramda": {
      "version": "0.25.0",
      "resolved": "https://registry.npmjs.org/ramda/-/ramda-0.25.0.tgz",
      "integrity": "sha512-GXpfrYVPwx3K7RQ6aYT8KPS8XViSXUVJT1ONhoKPE9VAleW42YE+U+8VEyGWt41EnEQW7gwecYJriTI0pKoecQ=="
    }
  }
}
